// !$*UTF8*$!
{
	archiveVersion = 1;
	classes = {
	};
	objectVersion = 56;
	objects = {

/* Begin PBXBuildFile section */
		2F60B11F2B007CBA009C8E15 /* landmarkData.json in Resources */ = {isa = PBXBuildFile; fileRef = 2F60B11E2B007CBA009C8E15 /* landmarkData.json */; };
		2F60B1212B007D62009C8E15 /* Landmark.swift in Sources */ = {isa = PBXBuildFile; fileRef = 2F60B1202B007D62009C8E15 /* Landmark.swift */; };
		2F60B1232B008987009C8E15 /* ModelData.swift in Sources */ = {isa = PBXBuildFile; fileRef = 2F60B1222B008987009C8E15 /* ModelData.swift */; };
		2F6324E22AF3331E005F9A1C /* CircleImage.swifr.swift in Sources */ = {isa = PBXBuildFile; fileRef = 2F6324E12AF3331E005F9A1C /* CircleImage.swifr.swift */; };
		2F6324E42AF334CA005F9A1C /* MapView.swift in Sources */ = {isa = PBXBuildFile; fileRef = 2F6324E32AF334CA005F9A1C /* MapView.swift */; };
		2FED94062AD72E9600DA41D2 /* testappApp.swift in Sources */ = {isa = PBXBuildFile; fileRef = 2FED94052AD72E9600DA41D2 /* testappApp.swift */; };
		2FED94082AD72E9600DA41D2 /* ContentView.swift in Sources */ = {isa = PBXBuildFile; fileRef = 2FED94072AD72E9600DA41D2 /* ContentView.swift */; };
		2FED940A2AD72E9700DA41D2 /* Assets.xcassets in Resources */ = {isa = PBXBuildFile; fileRef = 2FED94092AD72E9700DA41D2 /* Assets.xcassets */; };
		2FED940E2AD72E9700DA41D2 /* Preview Assets.xcassets in Resources */ = {isa = PBXBuildFile; fileRef = 2FED940D2AD72E9700DA41D2 /* Preview Assets.xcassets */; };
		2FED94182AD72E9700DA41D2 /* testappTests.swift in Sources */ = {isa = PBXBuildFile; fileRef = 2FED94172AD72E9700DA41D2 /* testappTests.swift */; };
		2FED94222AD72E9700DA41D2 /* testappUITests.swift in Sources */ = {isa = PBXBuildFile; fileRef = 2FED94212AD72E9700DA41D2 /* testappUITests.swift */; };
		2FED94242AD72E9700DA41D2 /* testappUITestsLaunchTests.swift in Sources */ = {isa = PBXBuildFile; fileRef = 2FED94232AD72E9700DA41D2 /* testappUITestsLaunchTests.swift */; };
/* End PBXBuildFile section */

/* Begin PBXContainerItemProxy section */
		2FED94142AD72E9700DA41D2 /* PBXContainerItemProxy */ = {
			isa = PBXContainerItemProxy;
			containerPortal = 2FED93FA2AD72E9600DA41D2 /* Project object */;
			proxyType = 1;
			remoteGlobalIDString = 2FED94012AD72E9600DA41D2;
			remoteInfo = testapp;
		};
		2FED941E2AD72E9700DA41D2 /* PBXContainerItemProxy */ = {
			isa = PBXContainerItemProxy;
			containerPortal = 2FED93FA2AD72E9600DA41D2 /* Project object */;
			proxyType = 1;
			remoteGlobalIDString = 2FED94012AD72E9600DA41D2;
			remoteInfo = testapp;
		};
/* End PBXContainerItemProxy section */

/* Begin PBXFileReference section */
		2F60B11E2B007CBA009C8E15 /* landmarkData.json */ = {isa = PBXFileReference; lastKnownFileType = text.json; path = landmarkData.json; sourceTree = "<group>"; };
		2F60B1202B007D62009C8E15 /* Landmark.swift */ = {isa = PBXFileReference; lastKnownFileType = sourcecode.swift; path = Landmark.swift; sourceTree = "<group>"; };
		2F60B1222B008987009C8E15 /* ModelData.swift */ = {isa = PBXFileReference; lastKnownFileType = sourcecode.swift; path = ModelData.swift; sourceTree = "<group>"; };
		2F6324E12AF3331E005F9A1C /* CircleImage.swifr.swift */ = {isa = PBXFileReference; lastKnownFileType = sourcecode.swift; path = CircleImage.swifr.swift; sourceTree = "<group>"; };
		2F6324E32AF334CA005F9A1C /* MapView.swift */ = {isa = PBXFileReference; lastKnownFileType = sourcecode.swift; path = MapView.swift; sourceTree = "<group>"; };
		2FED94022AD72E9600DA41D2 /* testapp.app */ = {isa = PBXFileReference; explicitFileType = wrapper.application; includeInIndex = 0; path = testapp.app; sourceTree = BUILT_PRODUCTS_DIR; };
		2FED94052AD72E9600DA41D2 /* testappApp.swift */ = {isa = PBXFileReference; lastKnownFileType = sourcecode.swift; path = testappApp.swift; sourceTree = "<group>"; };
		2FED94072AD72E9600DA41D2 /* ContentView.swift */ = {isa = PBXFileReference; lastKnownFileType = sourcecode.swift; path = ContentView.swift; sourceTree = "<group>"; };
		2FED94092AD72E9700DA41D2 /* Assets.xcassets */ = {isa = PBXFileReference; lastKnownFileType = folder.assetcatalog; path = Assets.xcassets; sourceTree = "<group>"; };
		2FED940B2AD72E9700DA41D2 /* testapp.entitlements */ = {isa = PBXFileReference; lastKnownFileType = text.plist.entitlements; path = testapp.entitlements; sourceTree = "<group>"; };
		2FED940D2AD72E9700DA41D2 /* Preview Assets.xcassets */ = {isa = PBXFileReference; lastKnownFileType = folder.assetcatalog; path = "Preview Assets.xcassets"; sourceTree = "<group>"; };
		2FED94132AD72E9700DA41D2 /* testappTests.xctest */ = {isa = PBXFileReference; explicitFileType = wrapper.cfbundle; includeInIndex = 0; path = testappTests.xctest; sourceTree = BUILT_PRODUCTS_DIR; };
		2FED94172AD72E9700DA41D2 /* testappTests.swift */ = {isa = PBXFileReference; lastKnownFileType = sourcecode.swift; path = testappTests.swift; sourceTree = "<group>"; };
		2FED941D2AD72E9700DA41D2 /* testappUITests.xctest */ = {isa = PBXFileReference; explicitFileType = wrapper.cfbundle; includeInIndex = 0; path = testappUITests.xctest; sourceTree = BUILT_PRODUCTS_DIR; };
		2FED94212AD72E9700DA41D2 /* testappUITests.swift */ = {isa = PBXFileReference; lastKnownFileType = sourcecode.swift; path = testappUITests.swift; sourceTree = "<group>"; };
		2FED94232AD72E9700DA41D2 /* testappUITestsLaunchTests.swift */ = {isa = PBXFileReference; lastKnownFileType = sourcecode.swift; path = testappUITestsLaunchTests.swift; sourceTree = "<group>"; };
/* End PBXFileReference section */

/* Begin PBXFrameworksBuildPhase section */
		2FED93FF2AD72E9600DA41D2 /* Frameworks */ = {
			isa = PBXFrameworksBuildPhase;
			buildActionMask = 2147483647;
			files = (
			);
			runOnlyForDeploymentPostprocessing = 0;
		};
		2FED94102AD72E9700DA41D2 /* Frameworks */ = {
			isa = PBXFrameworksBuildPhase;
			buildActionMask = 2147483647;
			files = (
			);
			runOnlyForDeploymentPostprocessing = 0;
		};
		2FED941A2AD72E9700DA41D2 /* Frameworks */ = {
			isa = PBXFrameworksBuildPhase;
			buildActionMask = 2147483647;
			files = (
			);
			runOnlyForDeploymentPostprocessing = 0;
		};
/* End PBXFrameworksBuildPhase section */

/* Begin PBXGroup section */
		2F60B1242B008A59009C8E15 /* Views */ = {
			isa = PBXGroup;
			children = (
				2FED94072AD72E9600DA41D2 /* ContentView.swift */,
				2F6324E32AF334CA005F9A1C /* MapView.swift */,
			);
			path = Views;
			sourceTree = "<group>";
		};
		2F60B1252B008A64009C8E15 /* Model */ = {
			isa = PBXGroup;
			children = (
				2F60B1222B008987009C8E15 /* ModelData.swift */,
				2F60B1202B007D62009C8E15 /* Landmark.swift */,
			);
			path = Model;
			sourceTree = "<group>";
		};
		2FED93F92AD72E9600DA41D2 = {
			isa = PBXGroup;
			children = (
				2FED94042AD72E9600DA41D2 /* testapp */,
				2FED94162AD72E9700DA41D2 /* testappTests */,
				2FED94202AD72E9700DA41D2 /* testappUITests */,
				2FED94032AD72E9600DA41D2 /* Products */,
			);
			sourceTree = "<group>";
		};
		2FED94032AD72E9600DA41D2 /* Products */ = {
			isa = PBXGroup;
			children = (
				2FED94022AD72E9600DA41D2 /* testapp.app */,
				2FED94132AD72E9700DA41D2 /* testappTests.xctest */,
				2FED941D2AD72E9700DA41D2 /* testappUITests.xctest */,
			);
			name = Products;
			sourceTree = "<group>";
		};
		2FED94042AD72E9600DA41D2 /* testapp */ = {
			isa = PBXGroup;
			children = (
				2F60B1252B008A64009C8E15 /* Model */,
				2F60B1242B008A59009C8E15 /* Views */,
				2FED94052AD72E9600DA41D2 /* testappApp.swift */,
				2FED94092AD72E9700DA41D2 /* Assets.xcassets */,
				2F6324E12AF3331E005F9A1C /* CircleImage.swifr.swift */,
				2FED940B2AD72E9700DA41D2 /* testapp.entitlements */,
				2FED940C2AD72E9700DA41D2 /* Preview Content */,
				2F60B11E2B007CBA009C8E15 /* landmarkData.json */,
			);
			path = testapp;
			sourceTree = "<group>";
		};
		2FED940C2AD72E9700DA41D2 /* Preview Content */ = {
			isa = PBXGroup;
			children = (
				2FED940D2AD72E9700DA41D2 /* Preview Assets.xcassets */,
			);
			path = "Preview Content";
			sourceTree = "<group>";
		};
		2FED94162AD72E9700DA41D2 /* testappTests */ = {
			isa = PBXGroup;
			children = (
				2FED94172AD72E9700DA41D2 /* testappTests.swift */,
			);
			path = testappTests;
			sourceTree = "<group>";
		};
		2FED94202AD72E9700DA41D2 /* testappUITests */ = {
			isa = PBXGroup;
			children = (
				2FED94212AD72E9700DA41D2 /* testappUITests.swift */,
				2FED94232AD72E9700DA41D2 /* testappUITestsLaunchTests.swift */,
			);
			path = testappUITests;
			sourceTree = "<group>";
		};
/* End PBXGroup section */

/* Begin PBXNativeTarget section */
		2FED94012AD72E9600DA41D2 /* testapp */ = {
			isa = PBXNativeTarget;
			buildConfigurationList = 2FED94272AD72E9700DA41D2 /* Build configuration list for PBXNativeTarget "testapp" */;
			buildPhases = (
				2FED93FE2AD72E9600DA41D2 /* Sources */,
				2FED93FF2AD72E9600DA41D2 /* Frameworks */,
				2FED94002AD72E9600DA41D2 /* Resources */,
			);
			buildRules = (
			);
			dependencies = (
			);
			name = testapp;
			productName = testapp;
			productReference = 2FED94022AD72E9600DA41D2 /* testapp.app */;
			productType = "com.apple.product-type.application";
		};
		2FED94122AD72E9700DA41D2 /* testappTests */ = {
			isa = PBXNativeTarget;
			buildConfigurationList = 2FED942A2AD72E9700DA41D2 /* Build configuration list for PBXNativeTarget "testappTests" */;
			buildPhases = (
				2FED940F2AD72E9700DA41D2 /* Sources */,
				2FED94102AD72E9700DA41D2 /* Frameworks */,
				2FED94112AD72E9700DA41D2 /* Resources */,
			);
			buildRules = (
			);
			dependencies = (
				2FED94152AD72E9700DA41D2 /* PBXTargetDependency */,
			);
			name = testappTests;
			productName = testappTests;
			productReference = 2FED94132AD72E9700DA41D2 /* testappTests.xctest */;
			productType = "com.apple.product-type.bundle.unit-test";
		};
		2FED941C2AD72E9700DA41D2 /* testappUITests */ = {
			isa = PBXNativeTarget;
			buildConfigurationList = 2FED942D2AD72E9700DA41D2 /* Build configuration list for PBXNativeTarget "testappUITests" */;
			buildPhases = (
				2FED94192AD72E9700DA41D2 /* Sources */,
				2FED941A2AD72E9700DA41D2 /* Frameworks */,
				2FED941B2AD72E9700DA41D2 /* Resources */,
			);
			buildRules = (
			);
			dependencies = (
				2FED941F2AD72E9700DA41D2 /* PBXTargetDependency */,
			);
			name = testappUITests;
			productName = testappUITests;
			productReference = 2FED941D2AD72E9700DA41D2 /* testappUITests.xctest */;
			productType = "com.apple.product-type.bundle.ui-testing";
		};
/* End PBXNativeTarget section */

/* Begin PBXProject section */
		2FED93FA2AD72E9600DA41D2 /* Project object */ = {
			isa = PBXProject;
			attributes = {
				BuildIndependentTargetsInParallel = 1;
				LastSwiftUpdateCheck = 1500;
				LastUpgradeCheck = 1500;
				TargetAttributes = {
					2FED94012AD72E9600DA41D2 = {
						CreatedOnToolsVersion = 15.0;
					};
					2FED94122AD72E9700DA41D2 = {
						CreatedOnToolsVersion = 15.0;
						TestTargetID = 2FED94012AD72E9600DA41D2;
					};
					2FED941C2AD72E9700DA41D2 = {
						CreatedOnToolsVersion = 15.0;
						TestTargetID = 2FED94012AD72E9600DA41D2;
					};
				};
			};
			buildConfigurationList = 2FED93FD2AD72E9600DA41D2 /* Build configuration list for PBXProject "testapp" */;
			compatibilityVersion = "Xcode 14.0";
			developmentRegion = en;
			hasScannedForEncodings = 0;
			knownRegions = (
				en,
				Base,
			);
			mainGroup = 2FED93F92AD72E9600DA41D2;
			productRefGroup = 2FED94032AD72E9600DA41D2 /* Products */;
			projectDirPath = "";
			projectRoot = "";
			targets = (
				2FED94012AD72E9600DA41D2 /* testapp */,
				2FED94122AD72E9700DA41D2 /* testappTests */,
				2FED941C2AD72E9700DA41D2 /* testappUITests */,
			);
		};
/* End PBXProject section */

/* Begin PBXResourcesBuildPhase section */
		2FED94002AD72E9600DA41D2 /* Resources */ = {
			isa = PBXResourcesBuildPhase;
			buildActionMask = 2147483647;
			files = (
				2FED940E2AD72E9700DA41D2 /* Preview Assets.xcassets in Resources */,
				2FED940A2AD72E9700DA41D2 /* Assets.xcassets in Resources */,
				2F60B11F2B007CBA009C8E15 /* landmarkData.json in Resources */,
			);
			runOnlyForDeploymentPostprocessing = 0;
		};
		2FED94112AD72E9700DA41D2 /* Resources */ = {
			isa = PBXResourcesBuildPhase;
			buildActionMask = 2147483647;
			files = (
			);
			runOnlyForDeploymentPostprocessing = 0;
		};
		2FED941B2AD72E9700DA41D2 /* Resources */ = {
			isa = PBXResourcesBuildPhase;
			buildActionMask = 2147483647;
			files = (
			);
			runOnlyForDeploymentPostprocessing = 0;
		};
/* End PBXResourcesBuildPhase section */

/* Begin PBXSourcesBuildPhase section */
		2FED93FE2AD72E9600DA41D2 /* Sources */ = {
			isa = PBXSourcesBuildPhase;
			buildActionMask = 2147483647;
			files = (
				2FED94082AD72E9600DA41D2 /* ContentView.swift in Sources */,
				2F6324E42AF334CA005F9A1C /* MapView.swift in Sources */,
				2F6324E22AF3331E005F9A1C /* CircleImage.swifr.swift in Sources */,
				2FED94062AD72E9600DA41D2 /* testappApp.swift in Sources */,
				2F60B1212B007D62009C8E15 /* Landmark.swift in Sources */,
				2F60B1232B008987009C8E15 /* ModelData.swift in Sources */,
			);
			runOnlyForDeploymentPostprocessing = 0;
		};
		2FED940F2AD72E9700DA41D2 /* Sources */ = {
			isa = PBXSourcesBuildPhase;
			buildActionMask = 2147483647;
			files = (
				2FED94182AD72E9700DA41D2 /* testappTests.swift in Sources */,
			);
			runOnlyForDeploymentPostprocessing = 0;
		};
		2FED94192AD72E9700DA41D2 /* Sources */ = {
			isa = PBXSourcesBuildPhase;
			buildActionMask = 2147483647;
			files = (
				2FED94242AD72E9700DA41D2 /* testappUITestsLaunchTests.swift in Sources */,
				2FED94222AD72E9700DA41D2 /* testappUITests.swift in Sources */,
			);
			runOnlyForDeploymentPostprocessing = 0;
		};
/* End PBXSourcesBuildPhase section */

/* Begin PBXTargetDependency section */
		2FED94152AD72E9700DA41D2 /* PBXTargetDependency */ = {
			isa = PBXTargetDependency;
			target = 2FED94012AD72E9600DA41D2 /* testapp */;
			targetProxy = 2FED94142AD72E9700DA41D2 /* PBXContainerItemProxy */;
		};
		2FED941F2AD72E9700DA41D2 /* PBXTargetDependency */ = {
			isa = PBXTargetDependency;
			target = 2FED94012AD72E9600DA41D2 /* testapp */;
			targetProxy = 2FED941E2AD72E9700DA41D2 /* PBXContainerItemProxy */;
		};
/* End PBXTargetDependency section */

/* Begin XCBuildConfiguration section */
		2FED94252AD72E9700DA41D2 /* Debug */ = {
			isa = XCBuildConfiguration;
			buildSettings = {
				ALWAYS_SEARCH_USER_PATHS = NO;
				ASSETCATALOG_COMPILER_GENERATE_SWIFT_ASSET_SYMBOL_EXTENSIONS = YES;
				CLANG_ANALYZER_NONNULL = YES;
				CLANG_ANALYZER_NUMBER_OBJECT_CONVERSION = YES_AGGRESSIVE;
				CLANG_CXX_LANGUAGE_STANDARD = "gnu++20";
				CLANG_ENABLE_MODULES = YES;
				CLANG_ENABLE_OBJC_ARC = YES;
				CLANG_ENABLE_OBJC_WEAK = YES;
				CLANG_WARN_BLOCK_CAPTURE_AUTORELEASING = YES;
				CLANG_WARN_BOOL_CONVERSION = YES;
				CLANG_WARN_COMMA = YES;
				CLANG_WARN_CONSTANT_CONVERSION = YES;
				CLANG_WARN_DEPRECATED_OBJC_IMPLEMENTATIONS = YES;
				CLANG_WARN_DIRECT_OBJC_ISA_USAGE = YES_ERROR;
				CLANG_WARN_DOCUMENTATION_COMMENTS = YES;
				CLANG_WARN_EMPTY_BODY = YES;
				CLANG_WARN_ENUM_CONVERSION = YES;
				CLANG_WARN_INFINITE_RECURSION = YES;
				CLANG_WARN_INT_CONVERSION = YES;
				CLANG_WARN_NON_LITERAL_NULL_CONVERSION = YES;
				CLANG_WARN_OBJC_IMPLICIT_RETAIN_SELF = YES;
				CLANG_WARN_OBJC_LITERAL_CONVERSION = YES;
				CLANG_WARN_OBJC_ROOT_CLASS = YES_ERROR;
				CLANG_WARN_QUOTED_INCLUDE_IN_FRAMEWORK_HEADER = YES;
				CLANG_WARN_RANGE_LOOP_ANALYSIS = YES;
				CLANG_WARN_STRICT_PROTOTYPES = YES;
				CLANG_WARN_SUSPICIOUS_MOVE = YES;
				CLANG_WARN_UNGUARDED_AVAILABILITY = YES_AGGRESSIVE;
				CLANG_WARN_UNREACHABLE_CODE = YES;
				CLANG_WARN__DUPLICATE_METHOD_MATCH = YES;
				COPY_PHASE_STRIP = NO;
				DEBUG_INFORMATION_FORMAT = dwarf;
				ENABLE_STRICT_OBJC_MSGSEND = YES;
				ENABLE_TESTABILITY = YES;
				ENABLE_USER_SCRIPT_SANDBOXING = YES;
				GCC_C_LANGUAGE_STANDARD = gnu17;
				GCC_DYNAMIC_NO_PIC = NO;
				GCC_NO_COMMON_BLOCKS = YES;
				GCC_OPTIMIZATION_LEVEL = 0;
				GCC_PREPROCESSOR_DEFINITIONS = (
					"DEBUG=1",
					"$(inherited)",
				);
				GCC_WARN_64_TO_32_BIT_CONVERSION = YES;
				GCC_WARN_ABOUT_RETURN_TYPE = YES_ERROR;
				GCC_WARN_UNDECLARED_SELECTOR = YES;
				GCC_WARN_UNINITIALIZED_AUTOS = YES_AGGRESSIVE;
				GCC_WARN_UNUSED_FUNCTION = YES;
				GCC_WARN_UNUSED_VARIABLE = YES;
				LOCALIZATION_PREFERS_STRING_CATALOGS = YES;
				MTL_ENABLE_DEBUG_INFO = INCLUDE_SOURCE;
				MTL_FAST_MATH = YES;
				ONLY_ACTIVE_ARCH = YES;
				SWIFT_ACTIVE_COMPILATION_CONDITIONS = "DEBUG $(inherited)";
				SWIFT_OPTIMIZATION_LEVEL = "-Onone";
			};
			name = Debug;
		};
		2FED94262AD72E9700DA41D2 /* Release */ = {
			isa = XCBuildConfiguration;
			buildSettings = {
				ALWAYS_SEARCH_USER_PATHS = NO;
				ASSETCATALOG_COMPILER_GENERATE_SWIFT_ASSET_SYMBOL_EXTENSIONS = YES;
				CLANG_ANALYZER_NONNULL = YES;
				CLANG_ANALYZER_NUMBER_OBJECT_CONVERSION = YES_AGGRESSIVE;
				CLANG_CXX_LANGUAGE_STANDARD = "gnu++20";
				CLANG_ENABLE_MODULES = YES;
				CLANG_ENABLE_OBJC_ARC = YES;
				CLANG_ENABLE_OBJC_WEAK = YES;
				CLANG_WARN_BLOCK_CAPTURE_AUTORELEASING = YES;
				CLANG_WARN_BOOL_CONVERSION = YES;
				CLANG_WARN_COMMA = YES;
				CLANG_WARN_CONSTANT_CONVERSION = YES;
				CLANG_WARN_DEPRECATED_OBJC_IMPLEMENTATIONS = YES;
				CLANG_WARN_DIRECT_OBJC_ISA_USAGE = YES_ERROR;
				CLANG_WARN_DOCUMENTATION_COMMENTS = YES;
				CLANG_WARN_EMPTY_BODY = YES;
				CLANG_WARN_ENUM_CONVERSION = YES;
				CLANG_WARN_INFINITE_RECURSION = YES;
				CLANG_WARN_INT_CONVERSION = YES;
				CLANG_WARN_NON_LITERAL_NULL_CONVERSION = YES;
				CLANG_WARN_OBJC_IMPLICIT_RETAIN_SELF = YES;
				CLANG_WARN_OBJC_LITERAL_CONVERSION = YES;
				CLANG_WARN_OBJC_ROOT_CLASS = YES_ERROR;
				CLANG_WARN_QUOTED_INCLUDE_IN_FRAMEWORK_HEADER = YES;
				CLANG_WARN_RANGE_LOOP_ANALYSIS = YES;
				CLANG_WARN_STRICT_PROTOTYPES = YES;
				CLANG_WARN_SUSPICIOUS_MOVE = YES;
				CLANG_WARN_UNGUARDED_AVAILABILITY = YES_AGGRESSIVE;
				CLANG_WARN_UNREACHABLE_CODE = YES;
				CLANG_WARN__DUPLICATE_METHOD_MATCH = YES;
				COPY_PHASE_STRIP = NO;
				DEBUG_INFORMATION_FORMAT = "dwarf-with-dsym";
				ENABLE_NS_ASSERTIONS = NO;
				ENABLE_STRICT_OBJC_MSGSEND = YES;
				ENABLE_USER_SCRIPT_SANDBOXING = YES;
				GCC_C_LANGUAGE_STANDARD = gnu17;
				GCC_NO_COMMON_BLOCKS = YES;
				GCC_WARN_64_TO_32_BIT_CONVERSION = YES;
				GCC_WARN_ABOUT_RETURN_TYPE = YES_ERROR;
				GCC_WARN_UNDECLARED_SELECTOR = YES;
				GCC_WARN_UNINITIALIZED_AUTOS = YES_AGGRESSIVE;
				GCC_WARN_UNUSED_FUNCTION = YES;
				GCC_WARN_UNUSED_VARIABLE = YES;
				LOCALIZATION_PREFERS_STRING_CATALOGS = YES;
				MTL_ENABLE_DEBUG_INFO = NO;
				MTL_FAST_MATH = YES;
				SWIFT_COMPILATION_MODE = wholemodule;
			};
			name = Release;
		};
		2FED94282AD72E9700DA41D2 /* Debug */ = {
			isa = XCBuildConfiguration;
			buildSettings = {
				ASSETCATALOG_COMPILER_APPICON_NAME = AppIcon;
				ASSETCATALOG_COMPILER_GLOBAL_ACCENT_COLOR_NAME = AccentColor;
				CODE_SIGN_ENTITLEMENTS = testapp/testapp.entitlements;
				CODE_SIGN_STYLE = Automatic;
				CURRENT_PROJECT_VERSION = 1;
				DEVELOPMENT_ASSET_PATHS = "\"testapp/Preview Content\"";
				ENABLE_PREVIEWS = YES;
				GENERATE_INFOPLIST_FILE = YES;
				"INFOPLIST_KEY_UIApplicationSceneManifest_Generation[sdk=iphoneos*]" = YES;
				"INFOPLIST_KEY_UIApplicationSceneManifest_Generation[sdk=iphonesimulator*]" = YES;
				"INFOPLIST_KEY_UIApplicationSupportsIndirectInputEvents[sdk=iphoneos*]" = YES;
				"INFOPLIST_KEY_UIApplicationSupportsIndirectInputEvents[sdk=iphonesimulator*]" = YES;
				"INFOPLIST_KEY_UILaunchScreen_Generation[sdk=iphoneos*]" = YES;
				"INFOPLIST_KEY_UILaunchScreen_Generation[sdk=iphonesimulator*]" = YES;
				"INFOPLIST_KEY_UIStatusBarStyle[sdk=iphoneos*]" = UIStatusBarStyleDefault;
				"INFOPLIST_KEY_UIStatusBarStyle[sdk=iphonesimulator*]" = UIStatusBarStyleDefault;
				INFOPLIST_KEY_UISupportedInterfaceOrientations_iPad = "UIInterfaceOrientationPortrait UIInterfaceOrientationPortraitUpsideDown UIInterfaceOrientationLandscapeLeft UIInterfaceOrientationLandscapeRight";
				INFOPLIST_KEY_UISupportedInterfaceOrientations_iPhone = "UIInterfaceOrientationPortrait UIInterfaceOrientationLandscapeLeft UIInterfaceOrientationLandscapeRight";
				IPHONEOS_DEPLOYMENT_TARGET = 17.0;
				LD_RUNPATH_SEARCH_PATHS = "@executable_path/Frameworks";
				"LD_RUNPATH_SEARCH_PATHS[sdk=macosx*]" = "@executable_path/../Frameworks";
				MACOSX_DEPLOYMENT_TARGET = 13.5;
				MARKETING_VERSION = 1.0;
				PRODUCT_BUNDLE_IDENTIFIER = LGNR.testapp;
				PRODUCT_NAME = "$(TARGET_NAME)";
				SDKROOT = auto;
				SUPPORTED_PLATFORMS = "iphoneos iphonesimulator macosx";
				SWIFT_EMIT_LOC_STRINGS = YES;
				SWIFT_VERSION = 5.0;
				TARGETED_DEVICE_FAMILY = "1,2";
			};
			name = Debug;
		};
		2FED94292AD72E9700DA41D2 /* Release */ = {
			isa = XCBuildConfiguration;
			buildSettings = {
				ASSETCATALOG_COMPILER_APPICON_NAME = AppIcon;
				ASSETCATALOG_COMPILER_GLOBAL_ACCENT_COLOR_NAME = AccentColor;
				CODE_SIGN_ENTITLEMENTS = testapp/testapp.entitlements;
				CODE_SIGN_STYLE = Automatic;
				CURRENT_PROJECT_VERSION = 1;
				DEVELOPMENT_ASSET_PATHS = "\"testapp/Preview Content\"";
				ENABLE_PREVIEWS = YES;
				GENERATE_INFOPLIST_FILE = YES;
				"INFOPLIST_KEY_UIApplicationSceneManifest_Generation[sdk=iphoneos*]" = YES;
				"INFOPLIST_KEY_UIApplicationSceneManifest_Generation[sdk=iphonesimulator*]" = YES;
				"INFOPLIST_KEY_UIApplicationSupportsIndirectInputEvents[sdk=iphoneos*]" = YES;
				"INFOPLIST_KEY_UIApplicationSupportsIndirectInputEvents[sdk=iphonesimulator*]" = YES;
				"INFOPLIST_KEY_UILaunchScreen_Generation[sdk=iphoneos*]" = YES;
				"INFOPLIST_KEY_UILaunchScreen_Generation[sdk=iphonesimulator*]" = YES;
				"INFOPLIST_KEY_UIStatusBarStyle[sdk=iphoneos*]" = UIStatusBarStyleDefault;
				"INFOPLIST_KEY_UIStatusBarStyle[sdk=iphonesimulator*]" = UIStatusBarStyleDefault;
				INFOPLIST_KEY_UISupportedInterfaceOrientations_iPad = "UIInterfaceOrientationPortrait UIInterfaceOrientationPortraitUpsideDown UIInterfaceOrientationLandscapeLeft UIInterfaceOrientationLandscapeRight";
				INFOPLIST_KEY_UISupportedInterfaceOrientations_iPhone = "UIInterfaceOrientationPortrait UIInterfaceOrientationLandscapeLeft UIInterfaceOrientationLandscapeRight";
				IPHONEOS_DEPLOYMENT_TARGET = 17.0;
				LD_RUNPATH_SEARCH_PATHS = "@executable_path/Frameworks";
				"LD_RUNPATH_SEARCH_PATHS[sdk=macosx*]" = "@executable_path/../Frameworks";
				MACOSX_DEPLOYMENT_TARGET = 13.5;
				MARKETING_VERSION = 1.0;
				PRODUCT_BUNDLE_IDENTIFIER = LGNR.testapp;
				PRODUCT_NAME = "$(TARGET_NAME)";
				SDKROOT = auto;
				SUPPORTED_PLATFORMS = "iphoneos iphonesimulator macosx";
				SWIFT_EMIT_LOC_STRINGS = YES;
				SWIFT_VERSION = 5.0;
				TARGETED_DEVICE_FAMILY = "1,2";
			};
			name = Release;
		};
		2FED942B2AD72E9700DA41D2 /* Debug */ = {
			isa = XCBuildConfiguration;
			buildSettings = {
				ALWAYS_EMBED_SWIFT_STANDARD_LIBRARIES = YES;
				BUNDLE_LOADER = "$(TEST_HOST)";
				CODE_SIGN_STYLE = Automatic;
				CURRENT_PROJECT_VERSION = 1;
				GENERATE_INFOPLIST_FILE = YES;
				IPHONEOS_DEPLOYMENT_TARGET = 17.0;
				MACOSX_DEPLOYMENT_TARGET = 13.5;
				MARKETING_VERSION = 1.0;
				PRODUCT_BUNDLE_IDENTIFIER = LGNR.testappTests;
				PRODUCT_NAME = "$(TARGET_NAME)";
				SDKROOT = auto;
				SUPPORTED_PLATFORMS = "iphoneos iphonesimulator macosx";
				SWIFT_EMIT_LOC_STRINGS = NO;
				SWIFT_VERSION = 5.0;
				TARGETED_DEVICE_FAMILY = "1,2";
				TEST_HOST = "$(BUILT_PRODUCTS_DIR)/testapp.app/$(BUNDLE_EXECUTABLE_FOLDER_PATH)/testapp";
			};
			name = Debug;
		};
		2FED942C2AD72E9700DA41D2 /* Release */ = {
			isa = XCBuildConfiguration;
			buildSettings = {
				ALWAYS_EMBED_SWIFT_STANDARD_LIBRARIES = YES;
				BUNDLE_LOADER = "$(TEST_HOST)";
				CODE_SIGN_STYLE = Automatic;
				CURRENT_PROJECT_VERSION = 1;
				GENERATE_INFOPLIST_FILE = YES;
				IPHONEOS_DEPLOYMENT_TARGET = 17.0;
				MACOSX_DEPLOYMENT_TARGET = 13.5;
				MARKETING_VERSION = 1.0;
				PRODUCT_BUNDLE_IDENTIFIER = LGNR.testappTests;
				PRODUCT_NAME = "$(TARGET_NAME)";
				SDKROOT = auto;
				SUPPORTED_PLATFORMS = "iphoneos iphonesimulator macosx";
				SWIFT_EMIT_LOC_STRINGS = NO;
				SWIFT_VERSION = 5.0;
				TARGETED_DEVICE_FAMILY = "1,2";
				TEST_HOST = "$(BUILT_PRODUCTS_DIR)/testapp.app/$(BUNDLE_EXECUTABLE_FOLDER_PATH)/testapp";
			};
			name = Release;
		};
		2FED942E2AD72E9700DA41D2 /* Debug */ = {
			isa = XCBuildConfiguration;
			buildSettings = {
				ALWAYS_EMBED_SWIFT_STANDARD_LIBRARIES = YES;
				CODE_SIGN_STYLE = Automatic;
				CURRENT_PROJECT_VERSION = 1;
				GENERATE_INFOPLIST_FILE = YES;
				IPHONEOS_DEPLOYMENT_TARGET = 17.0;
				MACOSX_DEPLOYMENT_TARGET = 13.5;
				MARKETING_VERSION = 1.0;
				PRODUCT_BUNDLE_IDENTIFIER = LGNR.testappUITests;
				PRODUCT_NAME = "$(TARGET_NAME)";
				SDKROOT = auto;
				SUPPORTED_PLATFORMS = "iphoneos iphonesimulator macosx";
				SWIFT_EMIT_LOC_STRINGS = NO;
				SWIFT_VERSION = 5.0;
				TARGETED_DEVICE_FAMILY = "1,2";
				TEST_TARGET_NAME = testapp;
			};
			name = Debug;
		};
		2FED942F2AD72E9700DA41D2 /* Release */ = {
			isa = XCBuildConfiguration;
			buildSettings = {
				ALWAYS_EMBED_SWIFT_STANDARD_LIBRARIES = YES;
				CODE_SIGN_STYLE = Automatic;
				CURRENT_PROJECT_VERSION = 1;
				GENERATE_INFOPLIST_FILE = YES;
				IPHONEOS_DEPLOYMENT_TARGET = 17.0;
				MACOSX_DEPLOYMENT_TARGET = 13.5;
				MARKETING_VERSION = 1.0;
				PRODUCT_BUNDLE_IDENTIFIER = LGNR.testappUITests;
				PRODUCT_NAME = "$(TARGET_NAME)";
				SDKROOT = auto;
				SUPPORTED_PLATFORMS = "iphoneos iphonesimulator macosx";
				SWIFT_EMIT_LOC_STRINGS = NO;
				SWIFT_VERSION = 5.0;
				TARGETED_DEVICE_FAMILY = "1,2";
				TEST_TARGET_NAME = testapp;
			};
			name = Release;
		};
/* End XCBuildConfiguration section */

/* Begin XCConfigurationList section */
		2FED93FD2AD72E9600DA41D2 /* Build configuration list for PBXProject "testapp" */ = {
			isa = XCConfigurationList;
			buildConfigurations = (
				2FED94252AD72E9700DA41D2 /* Debug */,
				2FED94262AD72E9700DA41D2 /* Release */,
			);
			defaultConfigurationIsVisible = 0;
			defaultConfigurationName = Release;
		};
		2FED94272AD72E9700DA41D2 /* Build configuration list for PBXNativeTarget "testapp" */ = {
			isa = XCConfigurationList;
			buildConfigurations = (
				2FED94282AD72E9700DA41D2 /* Debug */,
				2FED94292AD72E9700DA41D2 /* Release */,
			);
			defaultConfigurationIsVisible = 0;
			defaultConfigurationName = Release;
		};
		2FED942A2AD72E9700DA41D2 /* Build configuration list for PBXNativeTarget "testappTests" */ = {
			isa = XCConfigurationList;
			buildConfigurations = (
				2FED942B2AD72E9700DA41D2 /* Debug */,
				2FED942C2AD72E9700DA41D2 /* Release */,
			);
			defaultConfigurationIsVisible = 0;
			defaultConfigurationName = Release;
		};
		2FED942D2AD72E9700DA41D2 /* Build configuration list for PBXNativeTarget "testappUITests" */ = {
			isa = XCConfigurationList;
			buildConfigurations = (
				2FED942E2AD72E9700DA41D2 /* Debug */,
				2FED942F2AD72E9700DA41D2 /* Release */,
			);
			defaultConfigurationIsVisible = 0;
			defaultConfigurationName = Release;
		};
/* End XCConfigurationList section */
	};
	rootObject = 2FED93FA2AD72E9600DA41D2 /* Project object */;
}
